{
  "name": "IbukiSuikaShop-CLI",
  "lockfileVersion": 3,
  "requires": true,
  "packages": {
    "": {
      "dependencies": {
        "xe-utils": "^3.7.8"
      }
    },
    "node_modules/xe-utils": {
      "version": "3.7.8",
      "resolved": "https://registry.npmmirror.com/xe-utils/-/xe-utils-3.7.8.tgz",
      "integrity": "sha512-V/k6B/ASYir6yLYhp62DnM17po9u1N9mou/rn4if5WoFCsAO49JpCiVpkDpwCv4zxGfWmhWgzmz4FytWF+pDVw==",
      "license": "MIT"
    }
  }
}
